
Microsoft Visual Studio Solution File, Format Version 12.00
# Visual Studio Version 17
VisualStudioVersion = 17.8.34330.188
MinimumVisualStudioVersion = 10.0.40219.1
Project("{888888A0-9F3D-457C-B088-3A5042F75D52}") = "Coure Project Phase 4", "Coure Project Phase 4.pyproj", "{0C9C5EB3-D8D3-4327-AEE9-EC06B8C62D60}"
EndProject
Global
	GlobalSection(SolutionConfigurationPlatforms) = preSolution
		Debug|Any CPU = Debug|Any CPU
		Release|Any CPU = Release|Any CPU
	EndGlobalSection
	GlobalSection(ProjectConfigurationPlatforms) = postSolution
		{0C9C5EB3-D8D3-4327-AEE9-EC06B8C62D60}.Debug|Any CPU.ActiveCfg = Debug|Any CPU
		{0C9C5EB3-D8D3-4327-AEE9-EC06B8C62D60}.Release|Any CPU.ActiveCfg = Release|Any CPU
	EndGlobalSection
	GlobalSection(SolutionProperties) = preSolution
		HideSolutionNode = FALSE
	EndGlobalSection
	GlobalSection(ExtensibilityGlobals) = postSolution
		SolutionGuid = {96DF7FB5-0F51-431A-98EE-B6F343215448}
	EndGlobalSection
EndGlobal
